// !$*UTF8*$!
{
	archiveVersion = 1;
	classes = {
	};
	objectVersion = 46;
	objects = {

/* Begin PBXBuildFile section */
		50F506841E4EE7CE0076F7CC /* AppDelegate.swift in Sources */ = {isa = PBXBuildFile; fileRef = 50F506831E4EE7CE0076F7CC /* AppDelegate.swift */; };
		50F506861E4EE7CE0076F7CC /* ViewController.swift in Sources */ = {isa = PBXBuildFile; fileRef = 50F506851E4EE7CE0076F7CC /* ViewController.swift */; };
		50F506891E4EE7CE0076F7CC /* Main.storyboard in Resources */ = {isa = PBXBuildFile; fileRef = 50F506871E4EE7CE0076F7CC /* Main.storyboard */; };
		50F5068B1E4EE7CE0076F7CC /* Assets.xcassets in Resources */ = {isa = PBXBuildFile; fileRef = 50F5068A1E4EE7CE0076F7CC /* Assets.xcassets */; };
		50F5068E1E4EE7CE0076F7CC /* LaunchScreen.storyboard in Resources */ = {isa = PBXBuildFile; fileRef = 50F5068C1E4EE7CE0076F7CC /* LaunchScreen.storyboard */; };
		50F506961E4EE7E30076F7CC /* RatingView.swift in Sources */ = {isa = PBXBuildFile; fileRef = 50F506951E4EE7E30076F7CC /* RatingView.swift */; };
		50F506981E4EE9150076F7CC /* String.swift in Sources */ = {isa = PBXBuildFile; fileRef = 50F506971E4EE9150076F7CC /* String.swift */; };
/* End PBXBuildFile section */

/* Begin PBXFileReference section */
		50F506801E4EE7CE0076F7CC /* RatingView.app */ = {isa = PBXFileReference; explicitFileType = wrapper.application; includeInIndex = 0; path = RatingView.app; sourceTree = BUILT_PRODUCTS_DIR; };
		50F506831E4EE7CE0076F7CC /* AppDelegate.swift */ = {isa = PBXFileReference; lastKnownFileType = sourcecode.swift; path = AppDelegate.swift; sourceTree = "<group>"; };
		50F506851E4EE7CE0076F7CC /* ViewController.swift */ = {isa = PBXFileReference; lastKnownFileType = sourcecode.swift; path = ViewController.swift; sourceTree = "<group>"; };
		50F506881E4EE7CE0076F7CC /* Base */ = {isa = PBXFileReference; lastKnownFileType = file.storyboard; name = Base; path = Base.lproj/Main.storyboard; sourceTree = "<group>"; };
		50F5068A1E4EE7CE0076F7CC /* Assets.xcassets */ = {isa = PBXFileReference; lastKnownFileType = folder.assetcatalog; path = Assets.xcassets; sourceTree = "<group>"; };
		50F5068D1E4EE7CE0076F7CC /* Base */ = {isa = PBXFileReference; lastKnownFileType = file.storyboard; name = Base; path = Base.lproj/LaunchScreen.storyboard; sourceTree = "<group>"; };
		50F5068F1E4EE7CE0076F7CC /* Info.plist */ = {isa = PBXFileReference; lastKnownFileType = text.plist.xml; path = Info.plist; sourceTree = "<group>"; };
		50F506951E4EE7E30076F7CC /* RatingView.swift */ = {isa = PBXFileReference; fileEncoding = 4; lastKnownFileType = sourcecode.swift; path = RatingView.swift; sourceTree = "<group>"; };
		50F506971E4EE9150076F7CC /* String.swift */ = {isa = PBXFileReference; fileEncoding = 4; lastKnownFileType = sourcecode.swift; path = String.swift; sourceTree = "<group>"; };
/* End PBXFileReference section */

/* Begin PBXFrameworksBuildPhase section */
		50F5067D1E4EE7CE0076F7CC /* Frameworks */ = {
			isa = PBXFrameworksBuildPhase;
			buildActionMask = 2147483647;
			files = (
			);
			runOnlyForDeploymentPostprocessing = 0;
		};
/* End PBXFrameworksBuildPhase section */

/* Begin PBXGroup section */
		50F506771E4EE7CE0076F7CC = {
			isa = PBXGroup;
			children = (
				50F506821E4EE7CE0076F7CC /* RatingView */,
				50F506811E4EE7CE0076F7CC /* Products */,
			);
			sourceTree = "<group>";
		};
		50F506811E4EE7CE0076F7CC /* Products */ = {
			isa = PBXGroup;
			children = (
				50F506801E4EE7CE0076F7CC /* RatingView.app */,
			);
			name = Products;
			sourceTree = "<group>";
		};
		50F506821E4EE7CE0076F7CC /* RatingView */ = {
			isa = PBXGroup;
			children = (
				50F506831E4EE7CE0076F7CC /* AppDelegate.swift */,
				50F506851E4EE7CE0076F7CC /* ViewController.swift */,
				50F506871E4EE7CE0076F7CC /* Main.storyboard */,
				50F5068A1E4EE7CE0076F7CC /* Assets.xcassets */,
				50F5068C1E4EE7CE0076F7CC /* LaunchScreen.storyboard */,
				50F506971E4EE9150076F7CC /* String.swift */,
				50F5068F1E4EE7CE0076F7CC /* Info.plist */,
				50F506951E4EE7E30076F7CC /* RatingView.swift */,
			);
			path = RatingView;
			sourceTree = "<group>";
		};
/* End PBXGroup section */

/* Begin PBXNativeTarget section */
		50F5067F1E4EE7CE0076F7CC /* RatingView */ = {
			isa = PBXNativeTarget;
			buildConfigurationList = 50F506921E4EE7CE0076F7CC /* Build configuration list for PBXNativeTarget "RatingView" */;
			buildPhases = (
				50F5067C1E4EE7CE0076F7CC /* Sources */,
				50F5067D1E4EE7CE0076F7CC /* Frameworks */,
				50F5067E1E4EE7CE0076F7CC /* Resources */,
			);
			buildRules = (
			);
			dependencies = (
			);
			name = RatingView;
			productName = RatingView;
			productReference = 50F506801E4EE7CE0076F7CC /* RatingView.app */;
			productType = "com.apple.product-type.application";
		};
/* End PBXNativeTarget section */

/* Begin PBXProject section */
		50F506781E4EE7CE0076F7CC /* Project object */ = {
			isa = PBXProject;
			attributes = {
				LastSwiftUpdateCheck = 0820;
				LastUpgradeCheck = 0820;
				ORGANIZATIONNAME = "Devanshu Saini";
				TargetAttributes = {
					50F5067F1E4EE7CE0076F7CC = {
						CreatedOnToolsVersion = 8.2.1;
						ProvisioningStyle = Manual;
					};
				};
			};
			buildConfigurationList = 50F5067B1E4EE7CE0076F7CC /* Build configuration list for PBXProject "RatingView" */;
			compatibilityVersion = "Xcode 3.2";
			developmentRegion = English;
			hasScannedForEncodings = 0;
			knownRegions = (
				en,
				Base,
			);
			mainGroup = 50F506771E4EE7CE0076F7CC;
			productRefGroup = 50F506811E4EE7CE0076F7CC /* Products */;
			projectDirPath = "";
			projectRoot = "";
			targets = (
				50F5067F1E4EE7CE0076F7CC /* RatingView */,
			);
		};
/* End PBXProject section */

/* Begin PBXResourcesBuildPhase section */
		50F5067E1E4EE7CE0076F7CC /* Resources */ = {
			isa = PBXResourcesBuildPhase;
			buildActionMask = 2147483647;
			files = (
				50F5068E1E4EE7CE0076F7CC /* LaunchScreen.storyboard in Resources */,
				50F5068B1E4EE7CE0076F7CC /* Assets.xcassets in Resources */,
				50F506891E4EE7CE0076F7CC /* Main.storyboard in Resources */,
			);
			runOnlyForDeploymentPostprocessing = 0;
		};
/* End PBXResourcesBuildPhase section */

/* Begin PBXSourcesBuildPhase section */
		50F5067C1E4EE7CE0076F7CC /* Sources */ = {
			isa = PBXSourcesBuildPhase;
			buildActionMask = 2147483647;
			files = (
				50F506961E4EE7E30076F7CC /* RatingView.swift in Sources */,
				50F506861E4EE7CE0076F7CC /* ViewController.swift in Sources */,
				50F506981E4EE9150076F7CC /* String.swift in Sources */,
				50F506841E4EE7CE0076F7CC /* AppDelegate.swift in Sources */,
			);
			runOnlyForDeploymentPostprocessing = 0;
		};
/* End PBXSourcesBuildPhase section */

/* Begin PBXVariantGroup section */
		50F506871E4EE7CE0076F7CC /* Main.storyboard */ = {
			isa = PBXVariantGroup;
			children = (
				50F506881E4EE7CE0076F7CC /* Base */,
			);
			name = Main.storyboard;
			sourceTree = "<group>";
		};
		50F5068C1E4EE7CE0076F7CC /* LaunchScreen.storyboard */ = {
			isa = PBXVariantGroup;
			children = (
				50F5068D1E4EE7CE0076F7CC /* Base */,
			);
			name = LaunchScreen.storyboard;
			sourceTree = "<group>";
		};
/* End PBXVariantGroup section */

/* Begin XCBuildConfiguration section */
		50F506901E4EE7CE0076F7CC /* Debug */ = {
			isa = XCBuildConfiguration;
			buildSettings = {
				ALWAYS_SEARCH_USER_PATHS = NO;
				CLANG_ANALYZER_NONNULL = YES;
				CLANG_CXX_LANGUAGE_STANDARD = "gnu++0x";
				CLANG_CXX_LIBRARY = "libc++";
				CLANG_ENABLE_MODULES = YES;
				CLANG_ENABLE_OBJC_ARC = YES;
				CLANG_WARN_BOOL_CONVERSION = YES;
				CLANG_WARN_CONSTANT_CONVERSION = YES;
				CLANG_WARN_DIRECT_OBJC_ISA_USAGE = YES_ERROR;
				CLANG_WARN_DOCUMENTATION_COMMENTS = YES;
				CLANG_WARN_EMPTY_BODY = YES;
				CLANG_WARN_ENUM_CONVERSION = YES;
				CLANG_WARN_INFINITE_RECURSION = YES;
				CLANG_WARN_INT_CONVERSION = YES;
				CLANG_WARN_OBJC_ROOT_CLASS = YES_ERROR;
				CLANG_WARN_SUSPICIOUS_MOVE = YES;
				CLANG_WARN_UNREACHABLE_CODE = YES;
				CLANG_WARN__DUPLICATE_METHOD_MATCH = YES;
				"CODE_SIGN_IDENTITY[sdk=iphoneos*]" = "iPhone Developer";
				COPY_PHASE_STRIP = NO;
				DEBUG_INFORMATION_FORMAT = dwarf;
				ENABLE_STRICT_OBJC_MSGSEND = YES;
				ENABLE_TESTABILITY = YES;
				GCC_C_LANGUAGE_STANDARD = gnu99;
				GCC_DYNAMIC_NO_PIC = NO;
				GCC_NO_COMMON_BLOCKS = YES;
				GCC_OPTIMIZATION_LEVEL = 0;
				GCC_PREPROCESSOR_DEFINITIONS = (
					"DEBUG=1",
					"$(inherited)",
				);
				GCC_WARN_64_TO_32_BIT_CONVERSION = YES;
				GCC_WARN_ABOUT_RETURN_TYPE = YES_ERROR;
				GCC_WARN_UNDECLARED_SELECTOR = YES;
				GCC_WARN_UNINITIALIZED_AUTOS = YES_AGGRESSIVE;
				GCC_WARN_UNUSED_FUNCTION = YES;
				GCC_WARN_UNUSED_VARIABLE = YES;
				IPHONEOS_DEPLOYMENT_TARGET = 10.2;
				MTL_ENABLE_DEBUG_INFO = YES;
				ONLY_ACTIVE_ARCH = YES;
				SDKROOT = iphoneos;
				SWIFT_ACTIVE_COMPILATION_CONDITIONS = DEBUG;
				SWIFT_OPTIMIZATION_LEVEL = "-Onone";
				TARGETED_DEVICE_FAMILY = "1,2";
			};
			name = Debug;
		};
		50F506911E4EE7CE0076F7CC /* Release */ = {
			isa = XCBuildConfiguration;
			buildSettings = {
				ALWAYS_SEARCH_USER_PATHS = NO;
				CLANG_ANALYZER_NONNULL = YES;
				CLANG_CXX_LANGUAGE_STANDARD = "gnu++0x";
				CLANG_CXX_LIBRARY = "libc++";
				CLANG_ENABLE_MODULES = YES;
				CLANG_ENABLE_OBJC_ARC = YES;
				CLANG_WARN_BOOL_CONVERSION = YES;
				CLANG_WARN_CONSTANT_CONVERSION = YES;
				CLANG_WARN_DIRECT_OBJC_ISA_USAGE = YES_ERROR;
				CLANG_WARN_DOCUMENTATION_COMMENTS = YES;
				CLANG_WARN_EMPTY_BODY = YES;
				CLANG_WARN_ENUM_CONVERSION = YES;
				CLANG_WARN_INFINITE_RECURSION = YES;
				CLANG_WARN_INT_CONVERSION = YES;
				CLANG_WARN_OBJC_ROOT_CLASS = YES_ERROR;
				CLANG_WARN_SUSPICIOUS_MOVE = YES;
				CLANG_WARN_UNREACHABLE_CODE = YES;
				CLANG_WARN__DUPLICATE_METHOD_MATCH = YES;
				"CODE_SIGN_IDENTITY[sdk=iphoneos*]" = "iPhone Developer";
				COPY_PHASE_STRIP = NO;
				DEBUG_INFORMATION_FORMAT = "dwarf-with-dsym";
				ENABLE_NS_ASSERTIONS = NO;
				ENABLE_STRICT_OBJC_MSGSEND = YES;
				GCC_C_LANGUAGE_STANDARD = gnu99;
				GCC_NO_COMMON_BLOCKS = YES;
				GCC_WARN_64_TO_32_BIT_CONVERSION = YES;
				GCC_WARN_ABOUT_RETURN_TYPE = YES_ERROR;
				GCC_WARN_UNDECLARED_SELECTOR = YES;
				GCC_WARN_UNINITIALIZED_AUTOS = YES_AGGRESSIVE;
				GCC_WARN_UNUSED_FUNCTION = YES;
				GCC_WARN_UNUSED_VARIABLE = YES;
				IPHONEOS_DEPLOYMENT_TARGET = 10.2;
				MTL_ENABLE_DEBUG_INFO = NO;
				SDKROOT = iphoneos;
				SWIFT_OPTIMIZATION_LEVEL = "-Owholemodule";
				TARGETED_DEVICE_FAMILY = "1,2";
				VALIDATE_PRODUCT = YES;
			};
			name = Release;
		};
		50F506931E4EE7CE0076F7CC /* Debug */ = {
			isa = XCBuildConfiguration;
			buildSettings = {
				ASSETCATALOG_COMPILER_APPICON_NAME = AppIcon;
				DEVELOPMENT_TEAM = "";
				INFOPLIST_FILE = RatingView/Info.plist;
				LD_RUNPATH_SEARCH_PATHS = "$(inherited) @executable_path/Frameworks";
				PRODUCT_BUNDLE_IDENTIFIER = com.devapps.RatingView;
				PRODUCT_NAME = "$(TARGET_NAME)";
				SWIFT_VERSION = 3.0;
			};
			name = Debug;
		};
		50F506941E4EE7CE0076F7CC /* Release */ = {
			isa = XCBuildConfiguration;
			buildSettings = {
				ASSETCATALOG_COMPILER_APPICON_NAME = AppIcon;
				DEVELOPMENT_TEAM = "";
				INFOPLIST_FILE = RatingView/Info.plist;
				LD_RUNPATH_SEARCH_PATHS = "$(inherited) @executable_path/Frameworks";
				PRODUCT_BUNDLE_IDENTIFIER = com.devapps.RatingView;
				PRODUCT_NAME = "$(TARGET_NAME)";
				SWIFT_VERSION = 3.0;
			};
			name = Release;
		};
/* End XCBuildConfiguration section */

/* Begin XCConfigurationList section */
		50F5067B1E4EE7CE0076F7CC /* Build configuration list for PBXProject "RatingView" */ = {
			isa = XCConfigurationList;
			buildConfigurations = (
				50F506901E4EE7CE0076F7CC /* Debug */,
				50F506911E4EE7CE0076F7CC /* Release */,
			);
			defaultConfigurationIsVisible = 0;
			defaultConfigurationName = Release;
		};
		50F506921E4EE7CE0076F7CC /* Build configuration list for PBXNativeTarget "RatingView" */ = {
			isa = XCConfigurationList;
			buildConfigurations = (
				50F506931E4EE7CE0076F7CC /* Debug */,
				50F506941E4EE7CE0076F7CC /* Release */,
			);
			defaultConfigurationIsVisible = 0;
		};
/* End XCConfigurationList section */
	};
	rootObject = 50F506781E4EE7CE0076F7CC /* Project object */;
}
